
Microsoft Visual Studio Solution File, Format Version 12.00
# Visual Studio 2012
Project("{FAE04EC0-301F-11D3-BF4B-00C04F79EFBC}") = "Evolution.Tests", "Evolution.Tests\Evolution.Tests.csproj", "{11EBA191-1091-4879-9C37-0E4DE7F40BB6}"
EndProject
Project("{FAE04EC0-301F-11D3-BF4B-00C04F79EFBC}") = "Evolution", "Evolution\Evolution.csproj", "{0F3E21E2-9E4C-485F-A861-0A59AF57DC64}"
EndProject
Project("{FAE04EC0-301F-11D3-BF4B-00C04F79EFBC}") = "Evolution.Wpf", "Evolution.Wpf\Evolution.Wpf.csproj", "{AA8D57ED-B68A-4160-8A9C-D1593F45517B}"
EndProject
Global
	GlobalSection(SolutionConfigurationPlatforms) = preSolution
		Debug|Any CPU = Debug|Any CPU
		Debug|Mixed Platforms = Debug|Mixed Platforms
		Debug|x86 = Debug|x86
		Release|Any CPU = Release|Any CPU
		Release|Mixed Platforms = Release|Mixed Platforms
		Release|x86 = Release|x86
	EndGlobalSection
	GlobalSection(ProjectConfigurationPlatforms) = postSolution
		{11EBA191-1091-4879-9C37-0E4DE7F40BB6}.Debug|Any CPU.ActiveCfg = Debug|Any CPU
		{11EBA191-1091-4879-9C37-0E4DE7F40BB6}.Debug|Any CPU.Build.0 = Debug|Any CPU
		{11EBA191-1091-4879-9C37-0E4DE7F40BB6}.Debug|Mixed Platforms.ActiveCfg = Debug|Any CPU
		{11EBA191-1091-4879-9C37-0E4DE7F40BB6}.Debug|Mixed Platforms.Build.0 = Debug|Any CPU
		{11EBA191-1091-4879-9C37-0E4DE7F40BB6}.Debug|x86.ActiveCfg = Debug|Any CPU
		{11EBA191-1091-4879-9C37-0E4DE7F40BB6}.Release|Any CPU.ActiveCfg = Release|Any CPU
		{11EBA191-1091-4879-9C37-0E4DE7F40BB6}.Release|Any CPU.Build.0 = Release|Any CPU
		{11EBA191-1091-4879-9C37-0E4DE7F40BB6}.Release|Mixed Platforms.ActiveCfg = Release|Any CPU
		{11EBA191-1091-4879-9C37-0E4DE7F40BB6}.Release|Mixed Platforms.Build.0 = Release|Any CPU
		{11EBA191-1091-4879-9C37-0E4DE7F40BB6}.Release|x86.ActiveCfg = Release|Any CPU
		{0F3E21E2-9E4C-485F-A861-0A59AF57DC64}.Debug|Any CPU.ActiveCfg = Debug|Any CPU
		{0F3E21E2-9E4C-485F-A861-0A59AF57DC64}.Debug|Any CPU.Build.0 = Debug|Any CPU
		{0F3E21E2-9E4C-485F-A861-0A59AF57DC64}.Debug|Mixed Platforms.ActiveCfg = Debug|Any CPU
		{0F3E21E2-9E4C-485F-A861-0A59AF57DC64}.Debug|Mixed Platforms.Build.0 = Debug|Any CPU
		{0F3E21E2-9E4C-485F-A861-0A59AF57DC64}.Debug|x86.ActiveCfg = Debug|Any CPU
		{0F3E21E2-9E4C-485F-A861-0A59AF57DC64}.Release|Any CPU.ActiveCfg = Release|Any CPU
		{0F3E21E2-9E4C-485F-A861-0A59AF57DC64}.Release|Any CPU.Build.0 = Release|Any CPU
		{0F3E21E2-9E4C-485F-A861-0A59AF57DC64}.Release|Mixed Platforms.ActiveCfg = Release|Any CPU
		{0F3E21E2-9E4C-485F-A861-0A59AF57DC64}.Release|Mixed Platforms.Build.0 = Release|Any CPU
		{0F3E21E2-9E4C-485F-A861-0A59AF57DC64}.Release|x86.ActiveCfg = Release|Any CPU
		{AA8D57ED-B68A-4160-8A9C-D1593F45517B}.Debug|Any CPU.ActiveCfg = Debug|Any CPU
		{AA8D57ED-B68A-4160-8A9C-D1593F45517B}.Debug|Any CPU.Build.0 = Debug|Any CPU
		{AA8D57ED-B68A-4160-8A9C-D1593F45517B}.Debug|Mixed Platforms.ActiveCfg = Debug|Any CPU
		{AA8D57ED-B68A-4160-8A9C-D1593F45517B}.Debug|Mixed Platforms.Build.0 = Debug|Any CPU
		{AA8D57ED-B68A-4160-8A9C-D1593F45517B}.Debug|x86.ActiveCfg = Debug|Any CPU
		{AA8D57ED-B68A-4160-8A9C-D1593F45517B}.Release|Any CPU.ActiveCfg = Release|Any CPU
		{AA8D57ED-B68A-4160-8A9C-D1593F45517B}.Release|Any CPU.Build.0 = Release|Any CPU
		{AA8D57ED-B68A-4160-8A9C-D1593F45517B}.Release|Mixed Platforms.ActiveCfg = Release|Any CPU
		{AA8D57ED-B68A-4160-8A9C-D1593F45517B}.Release|Mixed Platforms.Build.0 = Release|Any CPU
		{AA8D57ED-B68A-4160-8A9C-D1593F45517B}.Release|x86.ActiveCfg = Release|Any CPU
	EndGlobalSection
	GlobalSection(SolutionProperties) = preSolution
		HideSolutionNode = FALSE
	EndGlobalSection
EndGlobal
